<?xml version="1.0" encoding="UTF-8" standalone="yes" ?>
<CodeBlocks_project_file>
	<FileVersion major="1" minor="6" />
	<Project>
		<Option title="I2C-Seminar" />
		<Option platforms="Windows;" />
		<Option makefile_is_custom="1" />
		<Option pch_mode="2" />
		<Option compiler="gcc" />
		<Build>
			<Target title="all">
				<Option output="I2C-Seminar" prefix_auto="1" extension_auto="1" />
				<Option working_dir="../Code" />
				<Option type="1" />
				<Option compiler="gcc" />
				<Option use_console_runner="0" />
				<MakeCommands>
					<Build command="$make -f $makefile $target" />
					<CompileFile command="$make -f $makefile $file" />
					<Clean command="$make -f $makefile clean" />
					<DistClean command="$make -f $makefile distclean$target" />
					<AskRebuildNeeded command="$make -q -f $makefile $target" />
					<SilentBuild command="$make -f $makefile $target &gt; $(CMD_NULL)" />
				</MakeCommands>
			</Target>
		</Build>
		<Compiler>
			<Add option="-Wall" />
		</Compiler>
		<Unit filename="LCD_I2C.c">
			<Option compilerVar="CC" />
			<Option target="all" />
		</Unit>
		<Unit filename="LCD_I2C.h">
			<Option target="all" />
		</Unit>
		<Unit filename="Makefile" />
		<Unit filename="i2cseminar.c">
			<Option compilerVar="CC" />
			<Option target="all" />
		</Unit>
		<Unit filename="i2cusb.c">
			<Option compilerVar="CC" />
			<Option target="all" />
		</Unit>
		<Unit filename="i2cusb.h">
			<Option target="all" />
		</Unit>
		<Unit filename="seriell_linux.c">
			<Option compilerVar="CC" />
			<Option target="all" />
		</Unit>
		<Unit filename="seriell_linux.h">
			<Option target="all" />
		</Unit>
		<Unit filename="seriell_win32.c">
			<Option compilerVar="CC" />
		</Unit>
		<Unit filename="seriell_win32.h" />
		<Extensions>
			<code_completion />
			<envvars />
			<debugger />
			<lib_finder disable_auto="1" />
		</Extensions>
	</Project>
</CodeBlocks_project_file>
